
Microsoft Visual Studio Solution File, Format Version 12.00
# Visual Studio Version 17
VisualStudioVersion = 17.8.34322.80
MinimumVisualStudioVersion = 10.0.40219.1
Project("{FAE04EC0-301F-11D3-BF4B-00C04F79EFBC}") = "tutor", "tutor.csproj", "{0DDEBF42-9D65-42D7-84A3-B386239856AB}"
EndProject
Global
	GlobalSection(SolutionConfigurationPlatforms) = preSolution
		Debug|Any CPU = Debug|Any CPU
		Release|Any CPU = Release|Any CPU
	EndGlobalSection
	GlobalSection(ProjectConfigurationPlatforms) = postSolution
		{0DDEBF42-9D65-42D7-84A3-B386239856AB}.Debug|Any CPU.ActiveCfg = Debug|Any CPU
		{0DDEBF42-9D65-42D7-84A3-B386239856AB}.Debug|Any CPU.Build.0 = Debug|Any CPU
		{0DDEBF42-9D65-42D7-84A3-B386239856AB}.Release|Any CPU.ActiveCfg = Release|Any CPU
		{0DDEBF42-9D65-42D7-84A3-B386239856AB}.Release|Any CPU.Build.0 = Release|Any CPU
	EndGlobalSection
	GlobalSection(SolutionProperties) = preSolution
		HideSolutionNode = FALSE
	EndGlobalSection
	GlobalSection(ExtensibilityGlobals) = postSolution
		SolutionGuid = {465EC7AA-1C06-4CFB-BBFE-A536E7BB3DF2}
	EndGlobalSection
EndGlobal
